Microsoft Visual Studio Solution File, Format Version 12.00
# Visual Studio Version 17
VisualStudioVersion = 17.5.2.0
MinimumVisualStudioVersion = 10.0.40219.1
Project("{2150E333-8FDC-42A3-9474-1A3956D46DE8}") = "MyProject", "MyProject", "{B1E08E9E-745B-C6E5-F358-F2D6F34C6860}"
EndProject
Project("{FAE04EC0-301F-11D3-BF4B-00C04F79EFBC}") = "LibraryConsoleApp", "MyProject\LibraryConsoleApp\LibraryConsoleApp.csproj", "{F051C3F1-9D77-118A-4246-7F54F1845F12}"
EndProject
Project("{FAE04EC0-301F-11D3-BF4B-00C04F79EFBC}") = "LibraryProject", "MyProject\LibraryProject\LibraryProject.csproj", "{E876CA83-EA64-BFB1-2043-2063A6BF3A0A}"
EndProject
Project("{FAE04EC0-301F-11D3-BF4B-00C04F79EFBC}") = "WebAPI", "MyProject\WebAPI\WebAPI.csproj", "{E68E0636-7390-B655-F0C9-521C78CBBD05}"
EndProject
Global
	GlobalSection(SolutionConfigurationPlatforms) = preSolution
		Debug|Any CPU = Debug|Any CPU
		Release|Any CPU = Release|Any CPU
	EndGlobalSection
	GlobalSection(ProjectConfigurationPlatforms) = postSolution
		{F051C3F1-9D77-118A-4246-7F54F1845F12}.Debug|Any CPU.ActiveCfg = Debug|Any CPU
		{F051C3F1-9D77-118A-4246-7F54F1845F12}.Debug|Any CPU.Build.0 = Debug|Any CPU
		{F051C3F1-9D77-118A-4246-7F54F1845F12}.Release|Any CPU.ActiveCfg = Release|Any CPU
		{F051C3F1-9D77-118A-4246-7F54F1845F12}.Release|Any CPU.Build.0 = Release|Any CPU
		{E876CA83-EA64-BFB1-2043-2063A6BF3A0A}.Debug|Any CPU.ActiveCfg = Debug|Any CPU
		{E876CA83-EA64-BFB1-2043-2063A6BF3A0A}.Debug|Any CPU.Build.0 = Debug|Any CPU
		{E876CA83-EA64-BFB1-2043-2063A6BF3A0A}.Release|Any CPU.ActiveCfg = Release|Any CPU
		{E876CA83-EA64-BFB1-2043-2063A6BF3A0A}.Release|Any CPU.Build.0 = Release|Any CPU
		{E68E0636-7390-B655-F0C9-521C78CBBD05}.Debug|Any CPU.ActiveCfg = Debug|Any CPU
		{E68E0636-7390-B655-F0C9-521C78CBBD05}.Debug|Any CPU.Build.0 = Debug|Any CPU
		{E68E0636-7390-B655-F0C9-521C78CBBD05}.Release|Any CPU.ActiveCfg = Release|Any CPU
		{E68E0636-7390-B655-F0C9-521C78CBBD05}.Release|Any CPU.Build.0 = Release|Any CPU
	EndGlobalSection
	GlobalSection(SolutionProperties) = preSolution
		HideSolutionNode = FALSE
	EndGlobalSection
	GlobalSection(NestedProjects) = preSolution
		{F051C3F1-9D77-118A-4246-7F54F1845F12} = {B1E08E9E-745B-C6E5-F358-F2D6F34C6860}
		{E876CA83-EA64-BFB1-2043-2063A6BF3A0A} = {B1E08E9E-745B-C6E5-F358-F2D6F34C6860}
		{E68E0636-7390-B655-F0C9-521C78CBBD05} = {B1E08E9E-745B-C6E5-F358-F2D6F34C6860}
	EndGlobalSection
	GlobalSection(ExtensibilityGlobals) = postSolution
		SolutionGuid = {582A1213-CE78-449A-B3D6-479E8EF48198}
	EndGlobalSection
EndGlobal
